
Microsoft Visual Studio Solution File, Format Version 12.00
# Visual Studio Version 17
VisualStudioVersion = 17.0.31903.59
MinimumVisualStudioVersion = 10.0.40219.1
Project("{2150E333-8FDC-42A3-9474-1A3956D46DE8}") = "Core", "Core", "{347AC132-7BC9-4314-AE9F-FE6800AE9A66}"
EndProject
Project("{2150E333-8FDC-42A3-9474-1A3956D46DE8}") = "Infrastructure", "Infrastructure", "{F93EE67F-E2FF-4D31-9099-999585E0554E}"
EndProject
Project("{2150E333-8FDC-42A3-9474-1A3956D46DE8}") = "Presentation", "Presentation", "{50D59C28-E68F-4176-AAF8-EB84C9C33477}"
EndProject
Project("{FAE04EC0-301F-11D3-BF4B-00C04F79EFBC}") = "socialMedia.Api", "Presentation\socialMedia.Api\socialMedia.Api.csproj", "{BE58407E-59A0-4749-8216-AB5B5C16A02A}"
EndProject
Project("{FAE04EC0-301F-11D3-BF4B-00C04F79EFBC}") = "socialMedia.Persistence", "Infrastructure\socialMedia.Persistence\socialMedia.Persistence.csproj", "{2223FD50-07C6-4603-8632-934E7A9D343E}"
EndProject
Project("{FAE04EC0-301F-11D3-BF4B-00C04F79EFBC}") = "socialMedia.Domain", "Core\socialMedia.Domain\socialMedia.Domain.csproj", "{0E8E1FE5-90FD-4416-83F1-F1C8D3189DF5}"
EndProject
Project("{FAE04EC0-301F-11D3-BF4B-00C04F79EFBC}") = "socialMedia.Application", "Core\socialMedia.Application\socialMedia.Application.csproj", "{CE2B8FF4-5000-4C21-B98A-1A7BE55BB37A}"
EndProject
Project("{FAE04EC0-301F-11D3-BF4B-00C04F79EFBC}") = "socialMedia.Mapper", "Core\socialMedia.Mapper\socialMedia.Mapper.csproj", "{87D1D486-BEED-439C-8C09-17E49DC801B6}"
EndProject
Project("{FAE04EC0-301F-11D3-BF4B-00C04F79EFBC}") = "socialMedia.Infrastructure", "Infrastructure\Infrastructure\socialMedia.Infrastructure.csproj", "{7FD0DD22-6EFB-4052-9368-E5913F43F4CB}"
EndProject
Global
	GlobalSection(SolutionConfigurationPlatforms) = preSolution
		Debug|Any CPU = Debug|Any CPU
		Release|Any CPU = Release|Any CPU
	EndGlobalSection
	GlobalSection(ProjectConfigurationPlatforms) = postSolution
		{BE58407E-59A0-4749-8216-AB5B5C16A02A}.Debug|Any CPU.ActiveCfg = Debug|Any CPU
		{BE58407E-59A0-4749-8216-AB5B5C16A02A}.Debug|Any CPU.Build.0 = Debug|Any CPU
		{BE58407E-59A0-4749-8216-AB5B5C16A02A}.Release|Any CPU.ActiveCfg = Release|Any CPU
		{BE58407E-59A0-4749-8216-AB5B5C16A02A}.Release|Any CPU.Build.0 = Release|Any CPU
		{2223FD50-07C6-4603-8632-934E7A9D343E}.Debug|Any CPU.ActiveCfg = Debug|Any CPU
		{2223FD50-07C6-4603-8632-934E7A9D343E}.Debug|Any CPU.Build.0 = Debug|Any CPU
		{2223FD50-07C6-4603-8632-934E7A9D343E}.Release|Any CPU.ActiveCfg = Release|Any CPU
		{2223FD50-07C6-4603-8632-934E7A9D343E}.Release|Any CPU.Build.0 = Release|Any CPU
		{0E8E1FE5-90FD-4416-83F1-F1C8D3189DF5}.Debug|Any CPU.ActiveCfg = Debug|Any CPU
		{0E8E1FE5-90FD-4416-83F1-F1C8D3189DF5}.Debug|Any CPU.Build.0 = Debug|Any CPU
		{0E8E1FE5-90FD-4416-83F1-F1C8D3189DF5}.Release|Any CPU.ActiveCfg = Release|Any CPU
		{0E8E1FE5-90FD-4416-83F1-F1C8D3189DF5}.Release|Any CPU.Build.0 = Release|Any CPU
		{CE2B8FF4-5000-4C21-B98A-1A7BE55BB37A}.Debug|Any CPU.ActiveCfg = Debug|Any CPU
		{CE2B8FF4-5000-4C21-B98A-1A7BE55BB37A}.Debug|Any CPU.Build.0 = Debug|Any CPU
		{CE2B8FF4-5000-4C21-B98A-1A7BE55BB37A}.Release|Any CPU.ActiveCfg = Release|Any CPU
		{CE2B8FF4-5000-4C21-B98A-1A7BE55BB37A}.Release|Any CPU.Build.0 = Release|Any CPU
		{87D1D486-BEED-439C-8C09-17E49DC801B6}.Debug|Any CPU.ActiveCfg = Debug|Any CPU
		{87D1D486-BEED-439C-8C09-17E49DC801B6}.Debug|Any CPU.Build.0 = Debug|Any CPU
		{87D1D486-BEED-439C-8C09-17E49DC801B6}.Release|Any CPU.ActiveCfg = Release|Any CPU
		{87D1D486-BEED-439C-8C09-17E49DC801B6}.Release|Any CPU.Build.0 = Release|Any CPU
		{7FD0DD22-6EFB-4052-9368-E5913F43F4CB}.Debug|Any CPU.ActiveCfg = Debug|Any CPU
		{7FD0DD22-6EFB-4052-9368-E5913F43F4CB}.Debug|Any CPU.Build.0 = Debug|Any CPU
		{7FD0DD22-6EFB-4052-9368-E5913F43F4CB}.Release|Any CPU.ActiveCfg = Release|Any CPU
		{7FD0DD22-6EFB-4052-9368-E5913F43F4CB}.Release|Any CPU.Build.0 = Release|Any CPU
	EndGlobalSection
	GlobalSection(SolutionProperties) = preSolution
		HideSolutionNode = FALSE
	EndGlobalSection
	GlobalSection(NestedProjects) = preSolution
		{BE58407E-59A0-4749-8216-AB5B5C16A02A} = {50D59C28-E68F-4176-AAF8-EB84C9C33477}
		{2223FD50-07C6-4603-8632-934E7A9D343E} = {F93EE67F-E2FF-4D31-9099-999585E0554E}
		{0E8E1FE5-90FD-4416-83F1-F1C8D3189DF5} = {347AC132-7BC9-4314-AE9F-FE6800AE9A66}
		{CE2B8FF4-5000-4C21-B98A-1A7BE55BB37A} = {347AC132-7BC9-4314-AE9F-FE6800AE9A66}
		{87D1D486-BEED-439C-8C09-17E49DC801B6} = {347AC132-7BC9-4314-AE9F-FE6800AE9A66}
		{7FD0DD22-6EFB-4052-9368-E5913F43F4CB} = {F93EE67F-E2FF-4D31-9099-999585E0554E}
	EndGlobalSection
EndGlobal
